
Microsoft Visual Studio Solution File, Format Version 12.00
# Visual Studio Version 17
VisualStudioVersion = 17.10.35122.118
MinimumVisualStudioVersion = 10.0.40219.1
Project("{FAE04EC0-301F-11D3-BF4B-00C04F79EFBC}") = "gpa_predictor_cal.Server", "gpa_predictor_cal.Server\gpa_predictor_cal.Server.csproj", "{8B448B1E-546D-4BE4-B516-02F5F4C68EDB}"
EndProject
Project("{54A90642-561A-4BB1-A94E-469ADEE60C69}") = "gpa_predictor_cal.client", "gpa_predictor_cal.client\gpa_predictor_cal.client.esproj", "{B2B099BC-ACF3-43F4-8D21-BBFB2664B740}"
EndProject
Global
	GlobalSection(SolutionConfigurationPlatforms) = preSolution
		Debug|Any CPU = Debug|Any CPU
		Release|Any CPU = Release|Any CPU
	EndGlobalSection
	GlobalSection(ProjectConfigurationPlatforms) = postSolution
		{8B448B1E-546D-4BE4-B516-02F5F4C68EDB}.Debug|Any CPU.ActiveCfg = Debug|Any CPU
		{8B448B1E-546D-4BE4-B516-02F5F4C68EDB}.Debug|Any CPU.Build.0 = Debug|Any CPU
		{8B448B1E-546D-4BE4-B516-02F5F4C68EDB}.Release|Any CPU.ActiveCfg = Release|Any CPU
		{8B448B1E-546D-4BE4-B516-02F5F4C68EDB}.Release|Any CPU.Build.0 = Release|Any CPU
		{B2B099BC-ACF3-43F4-8D21-BBFB2664B740}.Debug|Any CPU.ActiveCfg = Debug|Any CPU
		{B2B099BC-ACF3-43F4-8D21-BBFB2664B740}.Debug|Any CPU.Build.0 = Debug|Any CPU
		{B2B099BC-ACF3-43F4-8D21-BBFB2664B740}.Debug|Any CPU.Deploy.0 = Debug|Any CPU
		{B2B099BC-ACF3-43F4-8D21-BBFB2664B740}.Release|Any CPU.ActiveCfg = Release|Any CPU
		{B2B099BC-ACF3-43F4-8D21-BBFB2664B740}.Release|Any CPU.Build.0 = Release|Any CPU
		{B2B099BC-ACF3-43F4-8D21-BBFB2664B740}.Release|Any CPU.Deploy.0 = Release|Any CPU
	EndGlobalSection
	GlobalSection(SolutionProperties) = preSolution
		HideSolutionNode = FALSE
	EndGlobalSection
	GlobalSection(ExtensibilityGlobals) = postSolution
		SolutionGuid = {5B179CB6-9465-4294-8D45-446132B51589}
	EndGlobalSection
EndGlobal
